
Microsoft Visual Studio Solution File, Format Version 12.00
# Visual Studio Version 16
VisualStudioVersion = 16.0.30002.166
MinimumVisualStudioVersion = 10.0.40219.1
Project("{FAE04EC0-301F-11D3-BF4B-00C04F79EFBC}") = "ExamplePlugin", "ExamplePlugin.csproj", "{0679C4A3-5F9C-487B-A081-184C53F1B077}"
EndProject
Global
	GlobalSection(SolutionConfigurationPlatforms) = preSolution
		Debug|Any CPU = Debug|Any CPU
		Release|Any CPU = Release|Any CPU
	EndGlobalSection
	GlobalSection(ProjectConfigurationPlatforms) = postSolution
		{0679C4A3-5F9C-487B-A081-184C53F1B077}.Debug|Any CPU.ActiveCfg = Debug|Any CPU
		{0679C4A3-5F9C-487B-A081-184C53F1B077}.Debug|Any CPU.Build.0 = Debug|Any CPU
		{0679C4A3-5F9C-487B-A081-184C53F1B077}.Release|Any CPU.ActiveCfg = Release|Any CPU
		{0679C4A3-5F9C-487B-A081-184C53F1B077}.Release|Any CPU.Build.0 = Release|Any CPU
	EndGlobalSection
	GlobalSection(SolutionProperties) = preSolution
		HideSolutionNode = FALSE
	EndGlobalSection
	GlobalSection(ExtensibilityGlobals) = postSolution
		SolutionGuid = {A5EEFB88-6343-4998-A059-C147D84B4965}
	EndGlobalSection
EndGlobal
