
Microsoft Visual Studio Solution File, Format Version 11.00
# Visual Studio 2010
Project("{FAE04EC0-301F-11D3-BF4B-00C04F79EFBC}") = "UnityEngine.TestRunner", "UnityEngine.TestRunner.csproj", "{9a365913-3fc9-f317-f53b-70c7665ff2ec}"
EndProject
Project("{FAE04EC0-301F-11D3-BF4B-00C04F79EFBC}") = "Unity.Mathematics", "Unity.Mathematics.csproj", "{61369066-6b6e-a7b7-0379-7175246ef48e}"
EndProject
Project("{FAE04EC0-301F-11D3-BF4B-00C04F79EFBC}") = "Unity.Timeline", "Unity.Timeline.csproj", "{6ee87ead-e9f0-5e65-cc48-a1639413ffa2}"
EndProject
Project("{FAE04EC0-301F-11D3-BF4B-00C04F79EFBC}") = "UnityEngine.UI", "UnityEngine.UI.csproj", "{22d26209-5b23-223a-f8c4-d97d7de6b38c}"
EndProject
Project("{FAE04EC0-301F-11D3-BF4B-00C04F79EFBC}") = "Unity.TextMeshPro", "Unity.TextMeshPro.csproj", "{c57133b6-b83f-7a56-638e-d7de5a0f19e3}"
EndProject
Project("{FAE04EC0-301F-11D3-BF4B-00C04F79EFBC}") = "Unity.Collections", "Unity.Collections.csproj", "{87a4e325-8b6a-442d-29ba-978dae74496a}"
EndProject
Project("{FAE04EC0-301F-11D3-BF4B-00C04F79EFBC}") = "Unity.Burst", "Unity.Burst.csproj", "{32e7ff54-a9a9-7883-7e44-f318896ed31a}"
EndProject
Project("{FAE04EC0-301F-11D3-BF4B-00C04F79EFBC}") = "Unity.Netcode.Runtime", "Unity.Netcode.Runtime.csproj", "{0c614fc4-de49-60f2-2a3d-5b875cbd4dfe}"
EndProject
Project("{FAE04EC0-301F-11D3-BF4B-00C04F79EFBC}") = "Unity.Profiling.Core", "Unity.Profiling.Core.csproj", "{62edc2f5-87a8-fa92-c5fa-3c12fcaae1f2}"
EndProject
Project("{FAE04EC0-301F-11D3-BF4B-00C04F79EFBC}") = "Unity.Netcode.Components", "Unity.Netcode.Components.csproj", "{4b4f6cd8-8804-cc43-34d0-f0a9137bde47}"
EndProject
Project("{FAE04EC0-301F-11D3-BF4B-00C04F79EFBC}") = "Unity.Multiplayer.NetworkSolutionInterface", "Unity.Multiplayer.NetworkSolutionInterface.csproj", "{df6ba0cb-2371-04de-ce6c-fa4a1a97c40f}"
EndProject
Project("{FAE04EC0-301F-11D3-BF4B-00C04F79EFBC}") = "Unity.Multiplayer.MetricTypes", "Unity.Multiplayer.MetricTypes.csproj", "{954a739a-c5f3-d686-5e09-33251790d228}"
EndProject
Project("{FAE04EC0-301F-11D3-BF4B-00C04F79EFBC}") = "Assembly-CSharp", "Assembly-CSharp.csproj", "{c31287a9-2e02-c7fb-62d4-6131ff2d6244}"
EndProject
Project("{FAE04EC0-301F-11D3-BF4B-00C04F79EFBC}") = "Unity.Multiplayer.NetStats", "Unity.Multiplayer.NetStats.csproj", "{ca6c1e96-ffd3-b8da-da6f-222b93b3f7c9}"
EndProject
Project("{FAE04EC0-301F-11D3-BF4B-00C04F79EFBC}") = "Unity.Multiplayer.NetworkProfiler.Runtime", "Unity.Multiplayer.NetworkProfiler.Runtime.csproj", "{4d71c2c4-73a2-6947-d880-e5947f3f3a53}"
EndProject
Project("{FAE04EC0-301F-11D3-BF4B-00C04F79EFBC}") = "Unity.Multiplayer.NetStatsReporting", "Unity.Multiplayer.NetStatsReporting.csproj", "{3c83e417-5dc5-a076-3bc2-5ec6be485145}"
EndProject
Project("{FAE04EC0-301F-11D3-BF4B-00C04F79EFBC}") = "UnityEditor.TestRunner", "UnityEditor.TestRunner.csproj", "{4dd40478-c0fa-bc5a-5459-5536992e4589}"
EndProject
Project("{FAE04EC0-301F-11D3-BF4B-00C04F79EFBC}") = "Unity.PlasticSCM.Editor", "Unity.PlasticSCM.Editor.csproj", "{29c80aef-e483-d7f6-7752-412253e1925d}"
EndProject
Project("{FAE04EC0-301F-11D3-BF4B-00C04F79EFBC}") = "UnityEditor.UI", "UnityEditor.UI.csproj", "{3a3f89ff-717d-1026-352d-f9cb634e4d96}"
EndProject
Project("{FAE04EC0-301F-11D3-BF4B-00C04F79EFBC}") = "Unity.Services.Core.Editor", "Unity.Services.Core.Editor.csproj", "{57e9ca91-5413-5a12-3026-66662149321b}"
EndProject
Project("{FAE04EC0-301F-11D3-BF4B-00C04F79EFBC}") = "Unity.Timeline.Editor", "Unity.Timeline.Editor.csproj", "{aa52ba40-a22b-4ea8-5e54-9b440a276437}"
EndProject
Project("{FAE04EC0-301F-11D3-BF4B-00C04F79EFBC}") = "Unity.VisualStudio.Editor", "Unity.VisualStudio.Editor.csproj", "{f3354c83-4a81-0311-d54b-705ceb17906b}"
EndProject
Project("{FAE04EC0-301F-11D3-BF4B-00C04F79EFBC}") = "Unity.Multiplayer.NetworkProfiler.Tests.Editor", "Unity.Multiplayer.NetworkProfiler.Tests.Editor.csproj", "{f1f365a8-cd39-5685-dd24-2074927aa861}"
EndProject
Project("{FAE04EC0-301F-11D3-BF4B-00C04F79EFBC}") = "Unity.TextMeshPro.Editor", "Unity.TextMeshPro.Editor.csproj", "{0efd2807-7aea-42ac-b76b-7e36559bc35e}"
EndProject
Project("{FAE04EC0-301F-11D3-BF4B-00C04F79EFBC}") = "Unity.CollabProxy.Editor", "Unity.CollabProxy.Editor.csproj", "{28f18772-26ca-ed79-d1f4-da88760fe5f5}"
EndProject
Project("{FAE04EC0-301F-11D3-BF4B-00C04F79EFBC}") = "Unity.Multiplayer.NetworkProfiler.Editor", "Unity.Multiplayer.NetworkProfiler.Editor.csproj", "{926d8295-dc87-525d-6ad4-71df67a018c4}"
EndProject
Project("{FAE04EC0-301F-11D3-BF4B-00C04F79EFBC}") = "Unity.Netcode.Editor", "Unity.Netcode.Editor.csproj", "{f37900b4-08ce-f1a0-789f-7aeb419ba8e5}"
EndProject
Project("{FAE04EC0-301F-11D3-BF4B-00C04F79EFBC}") = "Unity.Rider.Editor", "Unity.Rider.Editor.csproj", "{e3474a73-a342-f8eb-cf39-624a8b7a108a}"
EndProject
Project("{FAE04EC0-301F-11D3-BF4B-00C04F79EFBC}") = "Unity.Collections.BurstCompatibilityGen", "Unity.Collections.BurstCompatibilityGen.csproj", "{5b1b8851-db36-eb66-89c4-d4decfa798a2}"
EndProject
Project("{FAE04EC0-301F-11D3-BF4B-00C04F79EFBC}") = "Unity.Multiplayer.NetStats.Tests.Editor", "Unity.Multiplayer.NetStats.Tests.Editor.csproj", "{27fe10a9-35be-4807-0940-2cc8f108bda2}"
EndProject
Project("{FAE04EC0-301F-11D3-BF4B-00C04F79EFBC}") = "Unity.Burst.Editor", "Unity.Burst.Editor.csproj", "{9b783c4f-b3c0-20cb-bdbf-38c367bb8871}"
EndProject
Project("{FAE04EC0-301F-11D3-BF4B-00C04F79EFBC}") = "Unity.Burst.CodeGen", "Unity.Burst.CodeGen.csproj", "{45b1532c-c360-bd1c-f873-7e8545dfe29f}"
EndProject
Project("{FAE04EC0-301F-11D3-BF4B-00C04F79EFBC}") = "Unity.VSCode.Editor", "Unity.VSCode.Editor.csproj", "{bf579295-1d7e-48f2-78e6-e518f0c5f1a3}"
EndProject
Project("{FAE04EC0-301F-11D3-BF4B-00C04F79EFBC}") = "Unity.Netcode.Editor.CodeGen", "Unity.Netcode.Editor.CodeGen.csproj", "{b6f35358-2262-d098-bf1c-b3a9c5c9bcf5}"
EndProject
Project("{FAE04EC0-301F-11D3-BF4B-00C04F79EFBC}") = "Unity.Mathematics.Editor", "Unity.Mathematics.Editor.csproj", "{3f0e6720-830d-c94c-475f-802825f08e43}"
EndProject
Project("{FAE04EC0-301F-11D3-BF4B-00C04F79EFBC}") = "Assembly-CSharp-Editor", "Assembly-CSharp-Editor.csproj", "{dd0a0f94-62d1-081b-de6b-8cb4d0c6fd24}"
EndProject
Project("{FAE04EC0-301F-11D3-BF4B-00C04F79EFBC}") = "Unity.Multiplayer.NetworkSolutionInterface.Tests.Editor", "Unity.Multiplayer.NetworkSolutionInterface.Tests.Editor.csproj", "{a9cb99a2-52ad-d96e-50bb-745b518dbf9b}"
EndProject
Global
	GlobalSection(SolutionConfigurationPlatforms) = preSolution
		Debug|Any CPU = Debug|Any CPU
	EndGlobalSection
	GlobalSection(ProjectConfigurationPlatforms) = postSolution
		{9a365913-3fc9-f317-f53b-70c7665ff2ec}.Debug|Any CPU.ActiveCfg = Debug|Any CPU
		{9a365913-3fc9-f317-f53b-70c7665ff2ec}.Debug|Any CPU.Build.0 = Debug|Any CPU
		{61369066-6b6e-a7b7-0379-7175246ef48e}.Debug|Any CPU.ActiveCfg = Debug|Any CPU
		{61369066-6b6e-a7b7-0379-7175246ef48e}.Debug|Any CPU.Build.0 = Debug|Any CPU
		{6ee87ead-e9f0-5e65-cc48-a1639413ffa2}.Debug|Any CPU.ActiveCfg = Debug|Any CPU
		{6ee87ead-e9f0-5e65-cc48-a1639413ffa2}.Debug|Any CPU.Build.0 = Debug|Any CPU
		{22d26209-5b23-223a-f8c4-d97d7de6b38c}.Debug|Any CPU.ActiveCfg = Debug|Any CPU
		{22d26209-5b23-223a-f8c4-d97d7de6b38c}.Debug|Any CPU.Build.0 = Debug|Any CPU
		{c57133b6-b83f-7a56-638e-d7de5a0f19e3}.Debug|Any CPU.ActiveCfg = Debug|Any CPU
		{c57133b6-b83f-7a56-638e-d7de5a0f19e3}.Debug|Any CPU.Build.0 = Debug|Any CPU
		{87a4e325-8b6a-442d-29ba-978dae74496a}.Debug|Any CPU.ActiveCfg = Debug|Any CPU
		{87a4e325-8b6a-442d-29ba-978dae74496a}.Debug|Any CPU.Build.0 = Debug|Any CPU
		{32e7ff54-a9a9-7883-7e44-f318896ed31a}.Debug|Any CPU.ActiveCfg = Debug|Any CPU
		{32e7ff54-a9a9-7883-7e44-f318896ed31a}.Debug|Any CPU.Build.0 = Debug|Any CPU
		{0c614fc4-de49-60f2-2a3d-5b875cbd4dfe}.Debug|Any CPU.ActiveCfg = Debug|Any CPU
		{0c614fc4-de49-60f2-2a3d-5b875cbd4dfe}.Debug|Any CPU.Build.0 = Debug|Any CPU
		{62edc2f5-87a8-fa92-c5fa-3c12fcaae1f2}.Debug|Any CPU.ActiveCfg = Debug|Any CPU
		{62edc2f5-87a8-fa92-c5fa-3c12fcaae1f2}.Debug|Any CPU.Build.0 = Debug|Any CPU
		{4b4f6cd8-8804-cc43-34d0-f0a9137bde47}.Debug|Any CPU.ActiveCfg = Debug|Any CPU
		{4b4f6cd8-8804-cc43-34d0-f0a9137bde47}.Debug|Any CPU.Build.0 = Debug|Any CPU
		{df6ba0cb-2371-04de-ce6c-fa4a1a97c40f}.Debug|Any CPU.ActiveCfg = Debug|Any CPU
		{df6ba0cb-2371-04de-ce6c-fa4a1a97c40f}.Debug|Any CPU.Build.0 = Debug|Any CPU
		{954a739a-c5f3-d686-5e09-33251790d228}.Debug|Any CPU.ActiveCfg = Debug|Any CPU
		{954a739a-c5f3-d686-5e09-33251790d228}.Debug|Any CPU.Build.0 = Debug|Any CPU
		{c31287a9-2e02-c7fb-62d4-6131ff2d6244}.Debug|Any CPU.ActiveCfg = Debug|Any CPU
		{c31287a9-2e02-c7fb-62d4-6131ff2d6244}.Debug|Any CPU.Build.0 = Debug|Any CPU
		{ca6c1e96-ffd3-b8da-da6f-222b93b3f7c9}.Debug|Any CPU.ActiveCfg = Debug|Any CPU
		{ca6c1e96-ffd3-b8da-da6f-222b93b3f7c9}.Debug|Any CPU.Build.0 = Debug|Any CPU
		{4d71c2c4-73a2-6947-d880-e5947f3f3a53}.Debug|Any CPU.ActiveCfg = Debug|Any CPU
		{4d71c2c4-73a2-6947-d880-e5947f3f3a53}.Debug|Any CPU.Build.0 = Debug|Any CPU
		{3c83e417-5dc5-a076-3bc2-5ec6be485145}.Debug|Any CPU.ActiveCfg = Debug|Any CPU
		{3c83e417-5dc5-a076-3bc2-5ec6be485145}.Debug|Any CPU.Build.0 = Debug|Any CPU
		{4dd40478-c0fa-bc5a-5459-5536992e4589}.Debug|Any CPU.ActiveCfg = Debug|Any CPU
		{4dd40478-c0fa-bc5a-5459-5536992e4589}.Debug|Any CPU.Build.0 = Debug|Any CPU
		{29c80aef-e483-d7f6-7752-412253e1925d}.Debug|Any CPU.ActiveCfg = Debug|Any CPU
		{29c80aef-e483-d7f6-7752-412253e1925d}.Debug|Any CPU.Build.0 = Debug|Any CPU
		{3a3f89ff-717d-1026-352d-f9cb634e4d96}.Debug|Any CPU.ActiveCfg = Debug|Any CPU
		{3a3f89ff-717d-1026-352d-f9cb634e4d96}.Debug|Any CPU.Build.0 = Debug|Any CPU
		{57e9ca91-5413-5a12-3026-66662149321b}.Debug|Any CPU.ActiveCfg = Debug|Any CPU
		{57e9ca91-5413-5a12-3026-66662149321b}.Debug|Any CPU.Build.0 = Debug|Any CPU
		{aa52ba40-a22b-4ea8-5e54-9b440a276437}.Debug|Any CPU.ActiveCfg = Debug|Any CPU
		{aa52ba40-a22b-4ea8-5e54-9b440a276437}.Debug|Any CPU.Build.0 = Debug|Any CPU
		{f3354c83-4a81-0311-d54b-705ceb17906b}.Debug|Any CPU.ActiveCfg = Debug|Any CPU
		{f3354c83-4a81-0311-d54b-705ceb17906b}.Debug|Any CPU.Build.0 = Debug|Any CPU
		{f1f365a8-cd39-5685-dd24-2074927aa861}.Debug|Any CPU.ActiveCfg = Debug|Any CPU
		{f1f365a8-cd39-5685-dd24-2074927aa861}.Debug|Any CPU.Build.0 = Debug|Any CPU
		{0efd2807-7aea-42ac-b76b-7e36559bc35e}.Debug|Any CPU.ActiveCfg = Debug|Any CPU
		{0efd2807-7aea-42ac-b76b-7e36559bc35e}.Debug|Any CPU.Build.0 = Debug|Any CPU
		{28f18772-26ca-ed79-d1f4-da88760fe5f5}.Debug|Any CPU.ActiveCfg = Debug|Any CPU
		{28f18772-26ca-ed79-d1f4-da88760fe5f5}.Debug|Any CPU.Build.0 = Debug|Any CPU
		{926d8295-dc87-525d-6ad4-71df67a018c4}.Debug|Any CPU.ActiveCfg = Debug|Any CPU
		{926d8295-dc87-525d-6ad4-71df67a018c4}.Debug|Any CPU.Build.0 = Debug|Any CPU
		{f37900b4-08ce-f1a0-789f-7aeb419ba8e5}.Debug|Any CPU.ActiveCfg = Debug|Any CPU
		{f37900b4-08ce-f1a0-789f-7aeb419ba8e5}.Debug|Any CPU.Build.0 = Debug|Any CPU
		{e3474a73-a342-f8eb-cf39-624a8b7a108a}.Debug|Any CPU.ActiveCfg = Debug|Any CPU
		{e3474a73-a342-f8eb-cf39-624a8b7a108a}.Debug|Any CPU.Build.0 = Debug|Any CPU
		{5b1b8851-db36-eb66-89c4-d4decfa798a2}.Debug|Any CPU.ActiveCfg = Debug|Any CPU
		{5b1b8851-db36-eb66-89c4-d4decfa798a2}.Debug|Any CPU.Build.0 = Debug|Any CPU
		{27fe10a9-35be-4807-0940-2cc8f108bda2}.Debug|Any CPU.ActiveCfg = Debug|Any CPU
		{27fe10a9-35be-4807-0940-2cc8f108bda2}.Debug|Any CPU.Build.0 = Debug|Any CPU
		{9b783c4f-b3c0-20cb-bdbf-38c367bb8871}.Debug|Any CPU.ActiveCfg = Debug|Any CPU
		{9b783c4f-b3c0-20cb-bdbf-38c367bb8871}.Debug|Any CPU.Build.0 = Debug|Any CPU
		{45b1532c-c360-bd1c-f873-7e8545dfe29f}.Debug|Any CPU.ActiveCfg = Debug|Any CPU
		{45b1532c-c360-bd1c-f873-7e8545dfe29f}.Debug|Any CPU.Build.0 = Debug|Any CPU
		{bf579295-1d7e-48f2-78e6-e518f0c5f1a3}.Debug|Any CPU.ActiveCfg = Debug|Any CPU
		{bf579295-1d7e-48f2-78e6-e518f0c5f1a3}.Debug|Any CPU.Build.0 = Debug|Any CPU
		{b6f35358-2262-d098-bf1c-b3a9c5c9bcf5}.Debug|Any CPU.ActiveCfg = Debug|Any CPU
		{b6f35358-2262-d098-bf1c-b3a9c5c9bcf5}.Debug|Any CPU.Build.0 = Debug|Any CPU
		{3f0e6720-830d-c94c-475f-802825f08e43}.Debug|Any CPU.ActiveCfg = Debug|Any CPU
		{3f0e6720-830d-c94c-475f-802825f08e43}.Debug|Any CPU.Build.0 = Debug|Any CPU
		{dd0a0f94-62d1-081b-de6b-8cb4d0c6fd24}.Debug|Any CPU.ActiveCfg = Debug|Any CPU
		{dd0a0f94-62d1-081b-de6b-8cb4d0c6fd24}.Debug|Any CPU.Build.0 = Debug|Any CPU
		{a9cb99a2-52ad-d96e-50bb-745b518dbf9b}.Debug|Any CPU.ActiveCfg = Debug|Any CPU
		{a9cb99a2-52ad-d96e-50bb-745b518dbf9b}.Debug|Any CPU.Build.0 = Debug|Any CPU
	EndGlobalSection
	GlobalSection(SolutionProperties) = preSolution
		HideSolutionNode = FALSE
	EndGlobalSection
EndGlobal
