
Microsoft Visual Studio Solution File, Format Version 12.00
# Visual Studio Version 16
VisualStudioVersion = 16.0.30002.166
MinimumVisualStudioVersion = 10.0.40219.1
Project("{FAE04EC0-301F-11D3-BF4B-00C04F79EFBC}") = "PepegaYes", "PepegaYes.csproj", "{C11A9823-F199-4662-A488-A49E9A0AD371}"
EndProject
Global
	GlobalSection(SolutionConfigurationPlatforms) = preSolution
		Debug|Any CPU = Debug|Any CPU
		Release|Any CPU = Release|Any CPU
	EndGlobalSection
	GlobalSection(ProjectConfigurationPlatforms) = postSolution
		{C11A9823-F199-4662-A488-A49E9A0AD371}.Debug|Any CPU.ActiveCfg = Debug|Any CPU
		{C11A9823-F199-4662-A488-A49E9A0AD371}.Debug|Any CPU.Build.0 = Debug|Any CPU
		{C11A9823-F199-4662-A488-A49E9A0AD371}.Release|Any CPU.ActiveCfg = Release|Any CPU
		{C11A9823-F199-4662-A488-A49E9A0AD371}.Release|Any CPU.Build.0 = Release|Any CPU
	EndGlobalSection
	GlobalSection(SolutionProperties) = preSolution
		HideSolutionNode = FALSE
	EndGlobalSection
	GlobalSection(ExtensibilityGlobals) = postSolution
		SolutionGuid = {A86C9544-10EE-4A30-A7F1-50E4C88884CF}
	EndGlobalSection
EndGlobal
